
Microsoft Visual Studio Solution File, Format Version 12.00
# Visual Studio Version 17
VisualStudioVersion = 17.7.34221.43
MinimumVisualStudioVersion = 10.0.40219.1
Project("{9A19103F-16F7-4668-BE54-9A1E7A4F7556}") = "HR-System-Api", "HE-System-Api\HR-System-Api.csproj", "{9EA26927-D6DA-46C8-A6F1-80C5C5318351}"
EndProject
Project("{9A19103F-16F7-4668-BE54-9A1E7A4F7556}") = "HR-System-DataAccess", "HR-System-DataAccess\HR-System-DataAccess.csproj", "{AC6218D4-789C-4C8C-897B-6D31A71C0C0F}"
EndProject
Project("{9A19103F-16F7-4668-BE54-9A1E7A4F7556}") = "HR-System-Domain", "HR-System-Domain\HR-System-Domain.csproj", "{1BDDDC43-6404-4B9A-A97D-9883498BBE76}"
EndProject
Global
	GlobalSection(SolutionConfigurationPlatforms) = preSolution
		Debug|Any CPU = Debug|Any CPU
		Release|Any CPU = Release|Any CPU
	EndGlobalSection
	GlobalSection(ProjectConfigurationPlatforms) = postSolution
		{9EA26927-D6DA-46C8-A6F1-80C5C5318351}.Debug|Any CPU.ActiveCfg = Debug|Any CPU
		{9EA26927-D6DA-46C8-A6F1-80C5C5318351}.Debug|Any CPU.Build.0 = Debug|Any CPU
		{9EA26927-D6DA-46C8-A6F1-80C5C5318351}.Release|Any CPU.ActiveCfg = Release|Any CPU
		{9EA26927-D6DA-46C8-A6F1-80C5C5318351}.Release|Any CPU.Build.0 = Release|Any CPU
		{AC6218D4-789C-4C8C-897B-6D31A71C0C0F}.Debug|Any CPU.ActiveCfg = Debug|Any CPU
		{AC6218D4-789C-4C8C-897B-6D31A71C0C0F}.Debug|Any CPU.Build.0 = Debug|Any CPU
		{AC6218D4-789C-4C8C-897B-6D31A71C0C0F}.Release|Any CPU.ActiveCfg = Release|Any CPU
		{AC6218D4-789C-4C8C-897B-6D31A71C0C0F}.Release|Any CPU.Build.0 = Release|Any CPU
		{1BDDDC43-6404-4B9A-A97D-9883498BBE76}.Debug|Any CPU.ActiveCfg = Debug|Any CPU
		{1BDDDC43-6404-4B9A-A97D-9883498BBE76}.Debug|Any CPU.Build.0 = Debug|Any CPU
		{1BDDDC43-6404-4B9A-A97D-9883498BBE76}.Release|Any CPU.ActiveCfg = Release|Any CPU
		{1BDDDC43-6404-4B9A-A97D-9883498BBE76}.Release|Any CPU.Build.0 = Release|Any CPU
	EndGlobalSection
	GlobalSection(SolutionProperties) = preSolution
		HideSolutionNode = FALSE
	EndGlobalSection
	GlobalSection(ExtensibilityGlobals) = postSolution
		SolutionGuid = {3F68D793-E4C9-46AA-9EE9-AC96D95288E3}
	EndGlobalSection
EndGlobal
